// !$*UTF8*$!
{
	archiveVersion = 1;
	classes = {
	};
	objectVersion = 51;
	objects = {

/* Begin PBXBuildFile section */
		183500CA3028B28FD2E56B22 /* Pods_Gnalet.framework in Frameworks */ = {isa = PBXBuildFile; fileRef = 56616C3DB5D6E96556EA1603 /* Pods_Gnalet.framework */; };
		3804A3FA22CCB4E300669133 /* CGPoint+Literals.swift in Sources */ = {isa = PBXBuildFile; fileRef = 3804A3F522CCB4E300669133 /* CGPoint+Literals.swift */; };
		3804A3FB22CCB4E300669133 /* CGSize+Literals.swift in Sources */ = {isa = PBXBuildFile; fileRef = 3804A3F622CCB4E300669133 /* CGSize+Literals.swift */; };
		3804A3FC22CCB4E300669133 /* UIEdgeInsets+Literals.swift in Sources */ = {isa = PBXBuildFile; fileRef = 3804A3F722CCB4E300669133 /* UIEdgeInsets+Literals.swift */; };
		3804A3FD22CCB4E300669133 /* UIOffset+Literals.swift in Sources */ = {isa = PBXBuildFile; fileRef = 3804A3F822CCB4E300669133 /* UIOffset+Literals.swift */; };
		3804A3FE22CCB4E300669133 /* CGRect+Literals.swift in Sources */ = {isa = PBXBuildFile; fileRef = 3804A3F922CCB4E300669133 /* CGRect+Literals.swift */; };
		38070DE222C7FE32006935F2 /* AppDelegate.swift in Sources */ = {isa = PBXBuildFile; fileRef = 38070DE122C7FE32006935F2 /* AppDelegate.swift */; };
		38070DE722C7FE32006935F2 /* Main.storyboard in Resources */ = {isa = PBXBuildFile; fileRef = 38070DE522C7FE32006935F2 /* Main.storyboard */; };
		38070DE922C7FE35006935F2 /* Assets.xcassets in Resources */ = {isa = PBXBuildFile; fileRef = 38070DE822C7FE35006935F2 /* Assets.xcassets */; };
		38070DEC22C7FE35006935F2 /* LaunchScreen.storyboard in Resources */ = {isa = PBXBuildFile; fileRef = 38070DEA22C7FE35006935F2 /* LaunchScreen.storyboard */; };
		38070DF722C7FE35006935F2 /* GnaletTests.swift in Sources */ = {isa = PBXBuildFile; fileRef = 38070DF622C7FE35006935F2 /* GnaletTests.swift */; };
		38070E0222C800D5006935F2 /* HomeVC.swift in Sources */ = {isa = PBXBuildFile; fileRef = 38070E0122C800D5006935F2 /* HomeVC.swift */; };
		38070E0A22C80172006935F2 /* HomeOptionsCell.swift in Sources */ = {isa = PBXBuildFile; fileRef = 38070E0822C80172006935F2 /* HomeOptionsCell.swift */; };
		38070E0B22C80172006935F2 /* HomeOptionsCell.xib in Resources */ = {isa = PBXBuildFile; fileRef = 38070E0922C80172006935F2 /* HomeOptionsCell.xib */; };
		38070E0E22C80215006935F2 /* UIKit+Extensions.swift in Sources */ = {isa = PBXBuildFile; fileRef = 38070E0D22C80215006935F2 /* UIKit+Extensions.swift */; };
		38070E1022C80607006935F2 /* HomeOptions.swift in Sources */ = {isa = PBXBuildFile; fileRef = 38070E0F22C80607006935F2 /* HomeOptions.swift */; };
		38070E1322C8B966006935F2 /* BasicTextInput.swift in Sources */ = {isa = PBXBuildFile; fileRef = 38070E1222C8B966006935F2 /* BasicTextInput.swift */; };
		38070E1522C8C315006935F2 /* ReportFormVC.swift in Sources */ = {isa = PBXBuildFile; fileRef = 38070E1422C8C315006935F2 /* ReportFormVC.swift */; };
		3835A76022CA744B00521391 /* RegionPickerInput.swift in Sources */ = {isa = PBXBuildFile; fileRef = 3835A75F22CA744B00521391 /* RegionPickerInput.swift */; };
		3835A76322CA8DD000521391 /* Subscriptions.swift in Sources */ = {isa = PBXBuildFile; fileRef = 3835A76222CA8DD000521391 /* Subscriptions.swift */; };
		3842158D22CD165A0045E4A6 /* ReportCoordinator.swift in Sources */ = {isa = PBXBuildFile; fileRef = 3842158C22CD165A0045E4A6 /* ReportCoordinator.swift */; };
		3842159022CD17A10045E4A6 /* LocationService.swift in Sources */ = {isa = PBXBuildFile; fileRef = 3842158F22CD17A10045E4A6 /* LocationService.swift */; };
		38801ADE22C90C61001CABA2 /* TextViewInput.swift in Sources */ = {isa = PBXBuildFile; fileRef = 38801ADD22C90C61001CABA2 /* TextViewInput.swift */; };
		38801AE022CA4524001CABA2 /* Foundation+Extensions.swift in Sources */ = {isa = PBXBuildFile; fileRef = 38801ADF22CA4524001CABA2 /* Foundation+Extensions.swift */; };
		38801AE222CA486C001CABA2 /* GeneralReportView.swift in Sources */ = {isa = PBXBuildFile; fileRef = 38801AE122CA486C001CABA2 /* GeneralReportView.swift */; };
		38801AE422CA493E001CABA2 /* ImagePickerView.swift in Sources */ = {isa = PBXBuildFile; fileRef = 38801AE322CA493E001CABA2 /* ImagePickerView.swift */; };
		38801AE622CA4C4F001CABA2 /* LocationTextinput.swift in Sources */ = {isa = PBXBuildFile; fileRef = 38801AE522CA4C4F001CABA2 /* LocationTextinput.swift */; };
		38801AE822CA5D13001CABA2 /* Report.swift in Sources */ = {isa = PBXBuildFile; fileRef = 38801AE722CA5D13001CABA2 /* Report.swift */; };
		3886DF0122CB82FE00C49847 /* GoogleService-Info.plist in Resources */ = {isa = PBXBuildFile; fileRef = 3886DF0022CB82FE00C49847 /* GoogleService-Info.plist */; };
		38B76AF722C819A000AB68D8 /* CategoryCell.swift in Sources */ = {isa = PBXBuildFile; fileRef = 38B76AF522C819A000AB68D8 /* CategoryCell.swift */; };
		38B76AF822C819A000AB68D8 /* CategoryCell.xib in Resources */ = {isa = PBXBuildFile; fileRef = 38B76AF622C819A000AB68D8 /* CategoryCell.xib */; };
		38B76AFA22C81E5A00AB68D8 /* Category.swift in Sources */ = {isa = PBXBuildFile; fileRef = 38B76AF922C81E5A00AB68D8 /* Category.swift */; };
		38B76AFE22C8228200AB68D8 /* IssueSelectVC.swift in Sources */ = {isa = PBXBuildFile; fileRef = 38B76AFD22C8228200AB68D8 /* IssueSelectVC.swift */; };
		38B76B0422C8979600AB68D8 /* LayoutProperty.swift in Sources */ = {isa = PBXBuildFile; fileRef = 38B76B0122C8979600AB68D8 /* LayoutProperty.swift */; };
		38B76B0522C8979600AB68D8 /* Protocols.swift in Sources */ = {isa = PBXBuildFile; fileRef = 38B76B0222C8979600AB68D8 /* Protocols.swift */; };
		38B76B0622C8979600AB68D8 /* Opereators.swift in Sources */ = {isa = PBXBuildFile; fileRef = 38B76B0322C8979600AB68D8 /* Opereators.swift */; };
		38BD4FD622CF83D4002C974F /* AppService.swift in Sources */ = {isa = PBXBuildFile; fileRef = 38BD4FD522CF83D4002C974F /* AppService.swift */; };
		38BD4FD822CFD22E002C974F /* Reporter.swift in Sources */ = {isa = PBXBuildFile; fileRef = 38BD4FD722CFD22E002C974F /* Reporter.swift */; };
		38BD4FDA22CFD55A002C974F /* Firestore+Ex.swift in Sources */ = {isa = PBXBuildFile; fileRef = 38BD4FD922CFD55A002C974F /* Firestore+Ex.swift */; };
		961AF6DE56B5BF6977D818E6 /* Pods_GnaletTests.framework in Frameworks */ = {isa = PBXBuildFile; fileRef = 3EB4A771AF1F8F6AE1322684 /* Pods_GnaletTests.framework */; };
/* End PBXBuildFile section */

/* Begin PBXContainerItemProxy section */
		38070DF322C7FE35006935F2 /* PBXContainerItemProxy */ = {
			isa = PBXContainerItemProxy;
			containerPortal = 38070DD622C7FE32006935F2 /* Project object */;
			proxyType = 1;
			remoteGlobalIDString = 38070DDD22C7FE32006935F2;
			remoteInfo = Gnalet;
		};
/* End PBXContainerItemProxy section */

/* Begin PBXFileReference section */
		26B8A3FBD7F3EBDF7A659142 /* Pods-Gnalet.debug.xcconfig */ = {isa = PBXFileReference; includeInIndex = 1; lastKnownFileType = text.xcconfig; name = "Pods-Gnalet.debug.xcconfig"; path = "Target Support Files/Pods-Gnalet/Pods-Gnalet.debug.xcconfig"; sourceTree = "<group>"; };
		3804A3F522CCB4E300669133 /* CGPoint+Literals.swift */ = {isa = PBXFileReference; fileEncoding = 4; lastKnownFileType = sourcecode.swift; path = "CGPoint+Literals.swift"; sourceTree = "<group>"; };
		3804A3F622CCB4E300669133 /* CGSize+Literals.swift */ = {isa = PBXFileReference; fileEncoding = 4; lastKnownFileType = sourcecode.swift; path = "CGSize+Literals.swift"; sourceTree = "<group>"; };
		3804A3F722CCB4E300669133 /* UIEdgeInsets+Literals.swift */ = {isa = PBXFileReference; fileEncoding = 4; lastKnownFileType = sourcecode.swift; path = "UIEdgeInsets+Literals.swift"; sourceTree = "<group>"; };
		3804A3F822CCB4E300669133 /* UIOffset+Literals.swift */ = {isa = PBXFileReference; fileEncoding = 4; lastKnownFileType = sourcecode.swift; path = "UIOffset+Literals.swift"; sourceTree = "<group>"; };
		3804A3F922CCB4E300669133 /* CGRect+Literals.swift */ = {isa = PBXFileReference; fileEncoding = 4; lastKnownFileType = sourcecode.swift; path = "CGRect+Literals.swift"; sourceTree = "<group>"; };
		38070DDE22C7FE32006935F2 /* Gnalet.app */ = {isa = PBXFileReference; explicitFileType = wrapper.application; includeInIndex = 0; path = Gnalet.app; sourceTree = BUILT_PRODUCTS_DIR; };
		38070DE122C7FE32006935F2 /* AppDelegate.swift */ = {isa = PBXFileReference; lastKnownFileType = sourcecode.swift; path = AppDelegate.swift; sourceTree = "<group>"; };
		38070DE622C7FE32006935F2 /* Base */ = {isa = PBXFileReference; lastKnownFileType = file.storyboard; name = Base; path = Base.lproj/Main.storyboard; sourceTree = "<group>"; };
		38070DE822C7FE35006935F2 /* Assets.xcassets */ = {isa = PBXFileReference; lastKnownFileType = folder.assetcatalog; path = Assets.xcassets; sourceTree = "<group>"; };
		38070DEB22C7FE35006935F2 /* Base */ = {isa = PBXFileReference; lastKnownFileType = file.storyboard; name = Base; path = Base.lproj/LaunchScreen.storyboard; sourceTree = "<group>"; };
		38070DED22C7FE35006935F2 /* Info.plist */ = {isa = PBXFileReference; lastKnownFileType = text.plist.xml; path = Info.plist; sourceTree = "<group>"; };
		38070DF222C7FE35006935F2 /* GnaletTests.xctest */ = {isa = PBXFileReference; explicitFileType = wrapper.cfbundle; includeInIndex = 0; path = GnaletTests.xctest; sourceTree = BUILT_PRODUCTS_DIR; };
		38070DF622C7FE35006935F2 /* GnaletTests.swift */ = {isa = PBXFileReference; lastKnownFileType = sourcecode.swift; path = GnaletTests.swift; sourceTree = "<group>"; };
		38070DF822C7FE35006935F2 /* Info.plist */ = {isa = PBXFileReference; lastKnownFileType = text.plist.xml; path = Info.plist; sourceTree = "<group>"; };
		38070E0122C800D5006935F2 /* HomeVC.swift */ = {isa = PBXFileReference; lastKnownFileType = sourcecode.swift; path = HomeVC.swift; sourceTree = "<group>"; };
		38070E0822C80172006935F2 /* HomeOptionsCell.swift */ = {isa = PBXFileReference; lastKnownFileType = sourcecode.swift; path = HomeOptionsCell.swift; sourceTree = "<group>"; };
		38070E0922C80172006935F2 /* HomeOptionsCell.xib */ = {isa = PBXFileReference; lastKnownFileType = file.xib; path = HomeOptionsCell.xib; sourceTree = "<group>"; };
		38070E0D22C80215006935F2 /* UIKit+Extensions.swift */ = {isa = PBXFileReference; lastKnownFileType = sourcecode.swift; path = "UIKit+Extensions.swift"; sourceTree = "<group>"; };
		38070E0F22C80607006935F2 /* HomeOptions.swift */ = {isa = PBXFileReference; lastKnownFileType = sourcecode.swift; path = HomeOptions.swift; sourceTree = "<group>"; };
		38070E1222C8B966006935F2 /* BasicTextInput.swift */ = {isa = PBXFileReference; lastKnownFileType = sourcecode.swift; path = BasicTextInput.swift; sourceTree = "<group>"; };
		38070E1422C8C315006935F2 /* ReportFormVC.swift */ = {isa = PBXFileReference; lastKnownFileType = sourcecode.swift; path = ReportFormVC.swift; sourceTree = "<group>"; };
		3835A75F22CA744B00521391 /* RegionPickerInput.swift */ = {isa = PBXFileReference; lastKnownFileType = sourcecode.swift; path = RegionPickerInput.swift; sourceTree = "<group>"; };
		3835A76222CA8DD000521391 /* Subscriptions.swift */ = {isa = PBXFileReference; fileEncoding = 4; lastKnownFileType = sourcecode.swift; path = Subscriptions.swift; sourceTree = "<group>"; };
		3842158C22CD165A0045E4A6 /* ReportCoordinator.swift */ = {isa = PBXFileReference; lastKnownFileType = sourcecode.swift; path = ReportCoordinator.swift; sourceTree = "<group>"; };
		3842158F22CD17A10045E4A6 /* LocationService.swift */ = {isa = PBXFileReference; lastKnownFileType = sourcecode.swift; path = LocationService.swift; sourceTree = "<group>"; };
		38801ADD22C90C61001CABA2 /* TextViewInput.swift */ = {isa = PBXFileReference; lastKnownFileType = sourcecode.swift; path = TextViewInput.swift; sourceTree = "<group>"; };
		38801ADF22CA4524001CABA2 /* Foundation+Extensions.swift */ = {isa = PBXFileReference; lastKnownFileType = sourcecode.swift; path = "Foundation+Extensions.swift"; sourceTree = "<group>"; };
		38801AE122CA486C001CABA2 /* GeneralReportView.swift */ = {isa = PBXFileReference; lastKnownFileType = sourcecode.swift; path = GeneralReportView.swift; sourceTree = "<group>"; };
		38801AE322CA493E001CABA2 /* ImagePickerView.swift */ = {isa = PBXFileReference; lastKnownFileType = sourcecode.swift; path = ImagePickerView.swift; sourceTree = "<group>"; };
		38801AE522CA4C4F001CABA2 /* LocationTextinput.swift */ = {isa = PBXFileReference; lastKnownFileType = sourcecode.swift; path = LocationTextinput.swift; sourceTree = "<group>"; };
		38801AE722CA5D13001CABA2 /* Report.swift */ = {isa = PBXFileReference; lastKnownFileType = sourcecode.swift; path = Report.swift; sourceTree = "<group>"; };
		3886DF0022CB82FE00C49847 /* GoogleService-Info.plist */ = {isa = PBXFileReference; fileEncoding = 4; lastKnownFileType = text.plist.xml; path = "GoogleService-Info.plist"; sourceTree = "<group>"; };
		38B76AF522C819A000AB68D8 /* CategoryCell.swift */ = {isa = PBXFileReference; lastKnownFileType = sourcecode.swift; path = CategoryCell.swift; sourceTree = "<group>"; };
		38B76AF622C819A000AB68D8 /* CategoryCell.xib */ = {isa = PBXFileReference; lastKnownFileType = file.xib; path = CategoryCell.xib; sourceTree = "<group>"; };
		38B76AF922C81E5A00AB68D8 /* Category.swift */ = {isa = PBXFileReference; lastKnownFileType = sourcecode.swift; path = Category.swift; sourceTree = "<group>"; };
		38B76AFD22C8228200AB68D8 /* IssueSelectVC.swift */ = {isa = PBXFileReference; lastKnownFileType = sourcecode.swift; path = IssueSelectVC.swift; sourceTree = "<group>"; };
		38B76B0122C8979600AB68D8 /* LayoutProperty.swift */ = {isa = PBXFileReference; fileEncoding = 4; lastKnownFileType = sourcecode.swift; path = LayoutProperty.swift; sourceTree = "<group>"; };
		38B76B0222C8979600AB68D8 /* Protocols.swift */ = {isa = PBXFileReference; fileEncoding = 4; lastKnownFileType = sourcecode.swift; path = Protocols.swift; sourceTree = "<group>"; };
		38B76B0322C8979600AB68D8 /* Opereators.swift */ = {isa = PBXFileReference; fileEncoding = 4; lastKnownFileType = sourcecode.swift; path = Opereators.swift; sourceTree = "<group>"; };
		38BD4FD522CF83D4002C974F /* AppService.swift */ = {isa = PBXFileReference; lastKnownFileType = sourcecode.swift; path = AppService.swift; sourceTree = "<group>"; };
		38BD4FD722CFD22E002C974F /* Reporter.swift */ = {isa = PBXFileReference; lastKnownFileType = sourcecode.swift; path = Reporter.swift; sourceTree = "<group>"; };
		38BD4FD922CFD55A002C974F /* Firestore+Ex.swift */ = {isa = PBXFileReference; lastKnownFileType = sourcecode.swift; path = "Firestore+Ex.swift"; sourceTree = "<group>"; };
		3EB4A771AF1F8F6AE1322684 /* Pods_GnaletTests.framework */ = {isa = PBXFileReference; explicitFileType = wrapper.framework; includeInIndex = 0; path = Pods_GnaletTests.framework; sourceTree = BUILT_PRODUCTS_DIR; };
		56616C3DB5D6E96556EA1603 /* Pods_Gnalet.framework */ = {isa = PBXFileReference; explicitFileType = wrapper.framework; includeInIndex = 0; path = Pods_Gnalet.framework; sourceTree = BUILT_PRODUCTS_DIR; };
		BD74638CE0C98117E283FA81 /* Pods-Gnalet.release.xcconfig */ = {isa = PBXFileReference; includeInIndex = 1; lastKnownFileType = text.xcconfig; name = "Pods-Gnalet.release.xcconfig"; path = "Target Support Files/Pods-Gnalet/Pods-Gnalet.release.xcconfig"; sourceTree = "<group>"; };
		CBC4C4D729CE425EE6BFF0BE /* Pods-GnaletTests.debug.xcconfig */ = {isa = PBXFileReference; includeInIndex = 1; lastKnownFileType = text.xcconfig; name = "Pods-GnaletTests.debug.xcconfig"; path = "Target Support Files/Pods-GnaletTests/Pods-GnaletTests.debug.xcconfig"; sourceTree = "<group>"; };
		EB77BAF71CF85467EFFA5E91 /* Pods-GnaletTests.release.xcconfig */ = {isa = PBXFileReference; includeInIndex = 1; lastKnownFileType = text.xcconfig; name = "Pods-GnaletTests.release.xcconfig"; path = "Target Support Files/Pods-GnaletTests/Pods-GnaletTests.release.xcconfig"; sourceTree = "<group>"; };
/* End PBXFileReference section */

/* Begin PBXFrameworksBuildPhase section */
		38070DDB22C7FE32006935F2 /* Frameworks */ = {
			isa = PBXFrameworksBuildPhase;
			buildActionMask = 2147483647;
			files = (
				183500CA3028B28FD2E56B22 /* Pods_Gnalet.framework in Frameworks */,
			);
			runOnlyForDeploymentPostprocessing = 0;
		};
		38070DEF22C7FE35006935F2 /* Frameworks */ = {
			isa = PBXFrameworksBuildPhase;
			buildActionMask = 2147483647;
			files = (
				961AF6DE56B5BF6977D818E6 /* Pods_GnaletTests.framework in Frameworks */,
			);
			runOnlyForDeploymentPostprocessing = 0;
		};
/* End PBXFrameworksBuildPhase section */

/* Begin PBXGroup section */
		3804A3F422CCB4E300669133 /* LiteralExtensions */ = {
			isa = PBXGroup;
			children = (
				3804A3F522CCB4E300669133 /* CGPoint+Literals.swift */,
				3804A3F622CCB4E300669133 /* CGSize+Literals.swift */,
				3804A3F722CCB4E300669133 /* UIEdgeInsets+Literals.swift */,
				3804A3F822CCB4E300669133 /* UIOffset+Literals.swift */,
				3804A3F922CCB4E300669133 /* CGRect+Literals.swift */,
			);
			path = LiteralExtensions;
			sourceTree = "<group>";
		};
		38070DD522C7FE32006935F2 = {
			isa = PBXGroup;
			children = (
				38070DE022C7FE32006935F2 /* Gnalet */,
				38070DF522C7FE35006935F2 /* GnaletTests */,
				38070DDF22C7FE32006935F2 /* Products */,
				3BBC1E2077F5862D5868C33A /* Pods */,
				F627CCBA3AE3BF85F0755A97 /* Frameworks */,
			);
			sourceTree = "<group>";
		};
		38070DDF22C7FE32006935F2 /* Products */ = {
			isa = PBXGroup;
			children = (
				38070DDE22C7FE32006935F2 /* Gnalet.app */,
				38070DF222C7FE35006935F2 /* GnaletTests.xctest */,
			);
			name = Products;
			sourceTree = "<group>";
		};
		38070DE022C7FE32006935F2 /* Gnalet */ = {
			isa = PBXGroup;
			children = (
				3842158E22CD178C0045E4A6 /* Services */,
				3842158B22CD16400045E4A6 /* Coordinator */,
				3835A76122CA8DD000521391 /* Subscriptions */,
				38B76AFF22C8976500AB68D8 /* Frameworks */,
				38070E0C22C801F4006935F2 /* Extensions */,
				38070E0722C80143006935F2 /* Config */,
				38070E0622C80130006935F2 /* Resources */,
				38070E0522C8011A006935F2 /* Models */,
				38070E0422C80111006935F2 /* View */,
				38070E0322C800FF006935F2 /* Controller */,
			);
			path = Gnalet;
			sourceTree = "<group>";
		};
		38070DF522C7FE35006935F2 /* GnaletTests */ = {
			isa = PBXGroup;
			children = (
				38070DF622C7FE35006935F2 /* GnaletTests.swift */,
				38070DF822C7FE35006935F2 /* Info.plist */,
			);
			path = GnaletTests;
			sourceTree = "<group>";
		};
		38070E0322C800FF006935F2 /* Controller */ = {
			isa = PBXGroup;
			children = (
				38070DE122C7FE32006935F2 /* AppDelegate.swift */,
				38070E0122C800D5006935F2 /* HomeVC.swift */,
				38B76AFD22C8228200AB68D8 /* IssueSelectVC.swift */,
				38070E1422C8C315006935F2 /* ReportFormVC.swift */,
			);
			path = Controller;
			sourceTree = "<group>";
		};
		38070E0422C80111006935F2 /* View */ = {
			isa = PBXGroup;
			children = (
				38070E1122C8B92B006935F2 /* Forms */,
				38070DE522C7FE32006935F2 /* Main.storyboard */,
				38070E0822C80172006935F2 /* HomeOptionsCell.swift */,
				38070E0922C80172006935F2 /* HomeOptionsCell.xib */,
				38B76AF522C819A000AB68D8 /* CategoryCell.swift */,
				38B76AF622C819A000AB68D8 /* CategoryCell.xib */,
				38801AE122CA486C001CABA2 /* GeneralReportView.swift */,
			);
			path = View;
			sourceTree = "<group>";
		};
		38070E0522C8011A006935F2 /* Models */ = {
			isa = PBXGroup;
			children = (
				38070E0F22C80607006935F2 /* HomeOptions.swift */,
				38B76AF922C81E5A00AB68D8 /* Category.swift */,
				38801AE722CA5D13001CABA2 /* Report.swift */,
				38BD4FD722CFD22E002C974F /* Reporter.swift */,
			);
			path = Models;
			sourceTree = "<group>";
		};
		38070E0622C80130006935F2 /* Resources */ = {
			isa = PBXGroup;
			children = (
				38070DE822C7FE35006935F2 /* Assets.xcassets */,
				38070DEA22C7FE35006935F2 /* LaunchScreen.storyboard */,
			);
			path = Resources;
			sourceTree = "<group>";
		};
		38070E0722C80143006935F2 /* Config */ = {
			isa = PBXGroup;
			children = (
				38070DED22C7FE35006935F2 /* Info.plist */,
				3886DF0022CB82FE00C49847 /* GoogleService-Info.plist */,
			);
			path = Config;
			sourceTree = "<group>";
		};
		38070E0C22C801F4006935F2 /* Extensions */ = {
			isa = PBXGroup;
			children = (
				38070E0D22C80215006935F2 /* UIKit+Extensions.swift */,
				38801ADF22CA4524001CABA2 /* Foundation+Extensions.swift */,
				38BD4FD922CFD55A002C974F /* Firestore+Ex.swift */,
			);
			path = Extensions;
			sourceTree = "<group>";
		};
		38070E1122C8B92B006935F2 /* Forms */ = {
			isa = PBXGroup;
			children = (
				38070E1222C8B966006935F2 /* BasicTextInput.swift */,
				38801ADD22C90C61001CABA2 /* TextViewInput.swift */,
				38801AE322CA493E001CABA2 /* ImagePickerView.swift */,
				38801AE522CA4C4F001CABA2 /* LocationTextinput.swift */,
				3835A75F22CA744B00521391 /* RegionPickerInput.swift */,
			);
			path = Forms;
			sourceTree = "<group>";
		};
		3835A76122CA8DD000521391 /* Subscriptions */ = {
			isa = PBXGroup;
			children = (
				3835A76222CA8DD000521391 /* Subscriptions.swift */,
			);
			path = Subscriptions;
			sourceTree = "<group>";
		};
		3842158B22CD16400045E4A6 /* Coordinator */ = {
			isa = PBXGroup;
			children = (
				3842158C22CD165A0045E4A6 /* ReportCoordinator.swift */,
			);
			path = Coordinator;
			sourceTree = "<group>";
		};
		3842158E22CD178C0045E4A6 /* Services */ = {
			isa = PBXGroup;
			children = (
				3842158F22CD17A10045E4A6 /* LocationService.swift */,
				38BD4FD522CF83D4002C974F /* AppService.swift */,
			);
			path = Services;
			sourceTree = "<group>";
		};
		38B76AFF22C8976500AB68D8 /* Frameworks */ = {
			isa = PBXGroup;
			children = (
				3804A3F422CCB4E300669133 /* LiteralExtensions */,
				38B76B0022C8979600AB68D8 /* AutoLayoutDSL */,
			);
			path = Frameworks;
			sourceTree = "<group>";
		};
		38B76B0022C8979600AB68D8 /* AutoLayoutDSL */ = {
			isa = PBXGroup;
			children = (
				38B76B0122C8979600AB68D8 /* LayoutProperty.swift */,
				38B76B0222C8979600AB68D8 /* Protocols.swift */,
				38B76B0322C8979600AB68D8 /* Opereators.swift */,
			);
			path = AutoLayoutDSL;
			sourceTree = "<group>";
		};
		3BBC1E2077F5862D5868C33A /* Pods */ = {
			isa = PBXGroup;
			children = (
				26B8A3FBD7F3EBDF7A659142 /* Pods-Gnalet.debug.xcconfig */,
				BD74638CE0C98117E283FA81 /* Pods-Gnalet.release.xcconfig */,
				CBC4C4D729CE425EE6BFF0BE /* Pods-GnaletTests.debug.xcconfig */,
				EB77BAF71CF85467EFFA5E91 /* Pods-GnaletTests.release.xcconfig */,
			);
			path = Pods;
			sourceTree = "<group>";
		};
		F627CCBA3AE3BF85F0755A97 /* Frameworks */ = {
			isa = PBXGroup;
			children = (
				56616C3DB5D6E96556EA1603 /* Pods_Gnalet.framework */,
				3EB4A771AF1F8F6AE1322684 /* Pods_GnaletTests.framework */,
			);
			name = Frameworks;
			sourceTree = "<group>";
		};
/* End PBXGroup section */

/* Begin PBXNativeTarget section */
		38070DDD22C7FE32006935F2 /* Gnalet */ = {
			isa = PBXNativeTarget;
			buildConfigurationList = 38070DFB22C7FE35006935F2 /* Build configuration list for PBXNativeTarget "Gnalet" */;
			buildPhases = (
				6BCFA1ABEC83319924FB2051 /* [CP] Check Pods Manifest.lock */,
				38070DDA22C7FE32006935F2 /* Sources */,
				38070DDB22C7FE32006935F2 /* Frameworks */,
				38070DDC22C7FE32006935F2 /* Resources */,
				40FE737E370586ED9BD6C17D /* [CP] Embed Pods Frameworks */,
				069E84D92444813FF1159306 /* [CP] Copy Pods Resources */,
				3804A3F322CBA27400669133 /* ShellScript */,
			);
			buildRules = (
			);
			dependencies = (
			);
			name = Gnalet;
			productName = Gnalet;
			productReference = 38070DDE22C7FE32006935F2 /* Gnalet.app */;
			productType = "com.apple.product-type.application";
		};
		38070DF122C7FE35006935F2 /* GnaletTests */ = {
			isa = PBXNativeTarget;
			buildConfigurationList = 38070DFE22C7FE35006935F2 /* Build configuration list for PBXNativeTarget "GnaletTests" */;
			buildPhases = (
				A4E8A0D2714C8C330BEB02A4 /* [CP] Check Pods Manifest.lock */,
				38070DEE22C7FE35006935F2 /* Sources */,
				38070DEF22C7FE35006935F2 /* Frameworks */,
				38070DF022C7FE35006935F2 /* Resources */,
			);
			buildRules = (
			);
			dependencies = (
				38070DF422C7FE35006935F2 /* PBXTargetDependency */,
			);
			name = GnaletTests;
			productName = GnaletTests;
			productReference = 38070DF222C7FE35006935F2 /* GnaletTests.xctest */;
			productType = "com.apple.product-type.bundle.unit-test";
		};
/* End PBXNativeTarget section */

/* Begin PBXProject section */
		38070DD622C7FE32006935F2 /* Project object */ = {
			isa = PBXProject;
			attributes = {
				LastSwiftUpdateCheck = 1010;
				LastUpgradeCheck = 1010;
				ORGANIZATIONNAME = "Shadrach Mensah";
				TargetAttributes = {
					38070DDD22C7FE32006935F2 = {
						CreatedOnToolsVersion = 10.1;
					};
					38070DF122C7FE35006935F2 = {
						CreatedOnToolsVersion = 10.1;
						TestTargetID = 38070DDD22C7FE32006935F2;
					};
				};
			};
			buildConfigurationList = 38070DD922C7FE32006935F2 /* Build configuration list for PBXProject "Gnalet" */;
			compatibilityVersion = "Xcode 9.3";
			developmentRegion = en;
			hasScannedForEncodings = 0;
			knownRegions = (
				en,
				Base,
			);
			mainGroup = 38070DD522C7FE32006935F2;
			productRefGroup = 38070DDF22C7FE32006935F2 /* Products */;
			projectDirPath = "";
			projectRoot = "";
			targets = (
				38070DDD22C7FE32006935F2 /* Gnalet */,
				38070DF122C7FE35006935F2 /* GnaletTests */,
			);
		};
/* End PBXProject section */

/* Begin PBXResourcesBuildPhase section */
		38070DDC22C7FE32006935F2 /* Resources */ = {
			isa = PBXResourcesBuildPhase;
			buildActionMask = 2147483647;
			files = (
				38B76AF822C819A000AB68D8 /* CategoryCell.xib in Resources */,
				38070DEC22C7FE35006935F2 /* LaunchScreen.storyboard in Resources */,
				38070E0B22C80172006935F2 /* HomeOptionsCell.xib in Resources */,
				38070DE922C7FE35006935F2 /* Assets.xcassets in Resources */,
				38070DE722C7FE32006935F2 /* Main.storyboard in Resources */,
				3886DF0122CB82FE00C49847 /* GoogleService-Info.plist in Resources */,
			);
			runOnlyForDeploymentPostprocessing = 0;
		};
		38070DF022C7FE35006935F2 /* Resources */ = {
			isa = PBXResourcesBuildPhase;
			buildActionMask = 2147483647;
			files = (
			);
			runOnlyForDeploymentPostprocessing = 0;
		};
/* End PBXResourcesBuildPhase section */

/* Begin PBXShellScriptBuildPhase section */
		069E84D92444813FF1159306 /* [CP] Copy Pods Resources */ = {
			isa = PBXShellScriptBuildPhase;
			buildActionMask = 2147483647;
			files = (
			);
			inputFileListPaths = (
				"${PODS_ROOT}/Target Support Files/Pods-Gnalet/Pods-Gnalet-resources-${CONFIGURATION}-input-files.xcfilelist",
			);
			name = "[CP] Copy Pods Resources";
			outputFileListPaths = (
				"${PODS_ROOT}/Target Support Files/Pods-Gnalet/Pods-Gnalet-resources-${CONFIGURATION}-output-files.xcfilelist",
			);
			runOnlyForDeploymentPostprocessing = 0;
			shellPath = /bin/sh;
			shellScript = "\"${PODS_ROOT}/Target Support Files/Pods-Gnalet/Pods-Gnalet-resources.sh\"\n";
			showEnvVarsInLog = 0;
		};
		3804A3F322CBA27400669133 /* ShellScript */ = {
			isa = PBXShellScriptBuildPhase;
			buildActionMask = 2147483647;
			files = (
			);
			inputFileListPaths = (
			);
			inputPaths = (
			);
			outputFileListPaths = (
			);
			outputPaths = (
			);
			runOnlyForDeploymentPostprocessing = 0;
			shellPath = /bin/sh;
			shellScript = "# Type a script or drag a script file from your workspace to insert its path.\n\"${PODS_ROOT}/Fabric/run\"\n";
		};
		40FE737E370586ED9BD6C17D /* [CP] Embed Pods Frameworks */ = {
			isa = PBXShellScriptBuildPhase;
			buildActionMask = 2147483647;
			files = (
			);
			inputFileListPaths = (
				"${PODS_ROOT}/Target Support Files/Pods-Gnalet/Pods-Gnalet-frameworks-${CONFIGURATION}-input-files.xcfilelist",
			);
			name = "[CP] Embed Pods Frameworks";
			outputFileListPaths = (
				"${PODS_ROOT}/Target Support Files/Pods-Gnalet/Pods-Gnalet-frameworks-${CONFIGURATION}-output-files.xcfilelist",
			);
			runOnlyForDeploymentPostprocessing = 0;
			shellPath = /bin/sh;
			shellScript = "\"${PODS_ROOT}/Target Support Files/Pods-Gnalet/Pods-Gnalet-frameworks.sh\"\n";
			showEnvVarsInLog = 0;
		};
		6BCFA1ABEC83319924FB2051 /* [CP] Check Pods Manifest.lock */ = {
			isa = PBXShellScriptBuildPhase;
			buildActionMask = 2147483647;
			files = (
			);
			inputFileListPaths = (
			);
			inputPaths = (
				"${PODS_PODFILE_DIR_PATH}/Podfile.lock",
				"${PODS_ROOT}/Manifest.lock",
			);
			name = "[CP] Check Pods Manifest.lock";
			outputFileListPaths = (
			);
			outputPaths = (
				"$(DERIVED_FILE_DIR)/Pods-Gnalet-checkManifestLockResult.txt",
			);
			runOnlyForDeploymentPostprocessing = 0;
			shellPath = /bin/sh;
			shellScript = "diff \"${PODS_PODFILE_DIR_PATH}/Podfile.lock\" \"${PODS_ROOT}/Manifest.lock\" > /dev/null\nif [ $? != 0 ] ; then\n    # print error to STDERR\n    echo \"error: The sandbox is not in sync with the Podfile.lock. Run 'pod install' or update your CocoaPods installation.\" >&2\n    exit 1\nfi\n# This output is used by Xcode 'outputs' to avoid re-running this script phase.\necho \"SUCCESS\" > \"${SCRIPT_OUTPUT_FILE_0}\"\n";
			showEnvVarsInLog = 0;
		};
		A4E8A0D2714C8C330BEB02A4 /* [CP] Check Pods Manifest.lock */ = {
			isa = PBXShellScriptBuildPhase;
			buildActionMask = 2147483647;
			files = (
			);
			inputFileListPaths = (
			);
			inputPaths = (
				"${PODS_PODFILE_DIR_PATH}/Podfile.lock",
				"${PODS_ROOT}/Manifest.lock",
			);
			name = "[CP] Check Pods Manifest.lock";
			outputFileListPaths = (
			);
			outputPaths = (
				"$(DERIVED_FILE_DIR)/Pods-GnaletTests-checkManifestLockResult.txt",
			);
			runOnlyForDeploymentPostprocessing = 0;
			shellPath = /bin/sh;
			shellScript = "diff \"${PODS_PODFILE_DIR_PATH}/Podfile.lock\" \"${PODS_ROOT}/Manifest.lock\" > /dev/null\nif [ $? != 0 ] ; then\n    # print error to STDERR\n    echo \"error: The sandbox is not in sync with the Podfile.lock. Run 'pod install' or update your CocoaPods installation.\" >&2\n    exit 1\nfi\n# This output is used by Xcode 'outputs' to avoid re-running this script phase.\necho \"SUCCESS\" > \"${SCRIPT_OUTPUT_FILE_0}\"\n";
			showEnvVarsInLog = 0;
		};
/* End PBXShellScriptBuildPhase section */

/* Begin PBXSourcesBuildPhase section */
		38070DDA22C7FE32006935F2 /* Sources */ = {
			isa = PBXSourcesBuildPhase;
			buildActionMask = 2147483647;
			files = (
				3804A3FD22CCB4E300669133 /* UIOffset+Literals.swift in Sources */,
				3835A76322CA8DD000521391 /* Subscriptions.swift in Sources */,
				38B76AFE22C8228200AB68D8 /* IssueSelectVC.swift in Sources */,
				3804A3FC22CCB4E300669133 /* UIEdgeInsets+Literals.swift in Sources */,
				38B76B0422C8979600AB68D8 /* LayoutProperty.swift in Sources */,
				38801AE622CA4C4F001CABA2 /* LocationTextinput.swift in Sources */,
				38801ADE22C90C61001CABA2 /* TextViewInput.swift in Sources */,
				38070DE222C7FE32006935F2 /* AppDelegate.swift in Sources */,
				38070E1522C8C315006935F2 /* ReportFormVC.swift in Sources */,
				3804A3FB22CCB4E300669133 /* CGSize+Literals.swift in Sources */,
				38070E0A22C80172006935F2 /* HomeOptionsCell.swift in Sources */,
				38070E0E22C80215006935F2 /* UIKit+Extensions.swift in Sources */,
				38801AE222CA486C001CABA2 /* GeneralReportView.swift in Sources */,
				3842158D22CD165A0045E4A6 /* ReportCoordinator.swift in Sources */,
				3842159022CD17A10045E4A6 /* LocationService.swift in Sources */,
				38801AE822CA5D13001CABA2 /* Report.swift in Sources */,
				38BD4FD822CFD22E002C974F /* Reporter.swift in Sources */,
				38B76B0522C8979600AB68D8 /* Protocols.swift in Sources */,
				3804A3FA22CCB4E300669133 /* CGPoint+Literals.swift in Sources */,
				38801AE022CA4524001CABA2 /* Foundation+Extensions.swift in Sources */,
				3835A76022CA744B00521391 /* RegionPickerInput.swift in Sources */,
				38070E1322C8B966006935F2 /* BasicTextInput.swift in Sources */,
				38070E1022C80607006935F2 /* HomeOptions.swift in Sources */,
				38BD4FDA22CFD55A002C974F /* Firestore+Ex.swift in Sources */,
				38BD4FD622CF83D4002C974F /* AppService.swift in Sources */,
				38070E0222C800D5006935F2 /* HomeVC.swift in Sources */,
				38B76AF722C819A000AB68D8 /* CategoryCell.swift in Sources */,
				38B76AFA22C81E5A00AB68D8 /* Category.swift in Sources */,
				3804A3FE22CCB4E300669133 /* CGRect+Literals.swift in Sources */,
				38B76B0622C8979600AB68D8 /* Opereators.swift in Sources */,
				38801AE422CA493E001CABA2 /* ImagePickerView.swift in Sources */,
			);
			runOnlyForDeploymentPostprocessing = 0;
		};
		38070DEE22C7FE35006935F2 /* Sources */ = {
			isa = PBXSourcesBuildPhase;
			buildActionMask = 2147483647;
			files = (
				38070DF722C7FE35006935F2 /* GnaletTests.swift in Sources */,
			);
			runOnlyForDeploymentPostprocessing = 0;
		};
/* End PBXSourcesBuildPhase section */

/* Begin PBXTargetDependency section */
		38070DF422C7FE35006935F2 /* PBXTargetDependency */ = {
			isa = PBXTargetDependency;
			target = 38070DDD22C7FE32006935F2 /* Gnalet */;
			targetProxy = 38070DF322C7FE35006935F2 /* PBXContainerItemProxy */;
		};
/* End PBXTargetDependency section */

/* Begin PBXVariantGroup section */
		38070DE522C7FE32006935F2 /* Main.storyboard */ = {
			isa = PBXVariantGroup;
			children = (
				38070DE622C7FE32006935F2 /* Base */,
			);
			name = Main.storyboard;
			sourceTree = "<group>";
		};
		38070DEA22C7FE35006935F2 /* LaunchScreen.storyboard */ = {
			isa = PBXVariantGroup;
			children = (
				38070DEB22C7FE35006935F2 /* Base */,
			);
			name = LaunchScreen.storyboard;
			sourceTree = "<group>";
		};
/* End PBXVariantGroup section */

/* Begin XCBuildConfiguration section */
		38070DF922C7FE35006935F2 /* Debug */ = {
			isa = XCBuildConfiguration;
			buildSettings = {
				ALWAYS_SEARCH_USER_PATHS = NO;
				CLANG_ANALYZER_NONNULL = YES;
				CLANG_ANALYZER_NUMBER_OBJECT_CONVERSION = YES_AGGRESSIVE;
				CLANG_CXX_LANGUAGE_STANDARD = "gnu++14";
				CLANG_CXX_LIBRARY = "libc++";
				CLANG_ENABLE_MODULES = YES;
				CLANG_ENABLE_OBJC_ARC = YES;
				CLANG_ENABLE_OBJC_WEAK = YES;
				CLANG_WARN_BLOCK_CAPTURE_AUTORELEASING = YES;
				CLANG_WARN_BOOL_CONVERSION = YES;
				CLANG_WARN_COMMA = YES;
				CLANG_WARN_CONSTANT_CONVERSION = YES;
				CLANG_WARN_DEPRECATED_OBJC_IMPLEMENTATIONS = YES;
				CLANG_WARN_DIRECT_OBJC_ISA_USAGE = YES_ERROR;
				CLANG_WARN_DOCUMENTATION_COMMENTS = YES;
				CLANG_WARN_EMPTY_BODY = YES;
				CLANG_WARN_ENUM_CONVERSION = YES;
				CLANG_WARN_INFINITE_RECURSION = YES;
				CLANG_WARN_INT_CONVERSION = YES;
				CLANG_WARN_NON_LITERAL_NULL_CONVERSION = YES;
				CLANG_WARN_OBJC_IMPLICIT_RETAIN_SELF = YES;
				CLANG_WARN_OBJC_LITERAL_CONVERSION = YES;
				CLANG_WARN_OBJC_ROOT_CLASS = YES_ERROR;
				CLANG_WARN_RANGE_LOOP_ANALYSIS = YES;
				CLANG_WARN_STRICT_PROTOTYPES = YES;
				CLANG_WARN_SUSPICIOUS_MOVE = YES;
				CLANG_WARN_UNGUARDED_AVAILABILITY = YES_AGGRESSIVE;
				CLANG_WARN_UNREACHABLE_CODE = YES;
				CLANG_WARN__DUPLICATE_METHOD_MATCH = YES;
				CODE_SIGN_IDENTITY = "iPhone Developer";
				COPY_PHASE_STRIP = NO;
				DEBUG_INFORMATION_FORMAT = dwarf;
				ENABLE_STRICT_OBJC_MSGSEND = YES;
				ENABLE_TESTABILITY = YES;
				GCC_C_LANGUAGE_STANDARD = gnu11;
				GCC_DYNAMIC_NO_PIC = NO;
				GCC_NO_COMMON_BLOCKS = YES;
				GCC_OPTIMIZATION_LEVEL = 0;
				GCC_PREPROCESSOR_DEFINITIONS = (
					"DEBUG=1",
					"$(inherited)",
				);
				GCC_WARN_64_TO_32_BIT_CONVERSION = YES;
				GCC_WARN_ABOUT_RETURN_TYPE = YES_ERROR;
				GCC_WARN_UNDECLARED_SELECTOR = YES;
				GCC_WARN_UNINITIALIZED_AUTOS = YES_AGGRESSIVE;
				GCC_WARN_UNUSED_FUNCTION = YES;
				GCC_WARN_UNUSED_VARIABLE = YES;
				IPHONEOS_DEPLOYMENT_TARGET = 12.1;
				MTL_ENABLE_DEBUG_INFO = INCLUDE_SOURCE;
				MTL_FAST_MATH = YES;
				ONLY_ACTIVE_ARCH = YES;
				SDKROOT = iphoneos;
				SWIFT_ACTIVE_COMPILATION_CONDITIONS = DEBUG;
				SWIFT_OPTIMIZATION_LEVEL = "-Onone";
			};
			name = Debug;
		};
		38070DFA22C7FE35006935F2 /* Release */ = {
			isa = XCBuildConfiguration;
			buildSettings = {
				ALWAYS_SEARCH_USER_PATHS = NO;
				CLANG_ANALYZER_NONNULL = YES;
				CLANG_ANALYZER_NUMBER_OBJECT_CONVERSION = YES_AGGRESSIVE;
				CLANG_CXX_LANGUAGE_STANDARD = "gnu++14";
				CLANG_CXX_LIBRARY = "libc++";
				CLANG_ENABLE_MODULES = YES;
				CLANG_ENABLE_OBJC_ARC = YES;
				CLANG_ENABLE_OBJC_WEAK = YES;
				CLANG_WARN_BLOCK_CAPTURE_AUTORELEASING = YES;
				CLANG_WARN_BOOL_CONVERSION = YES;
				CLANG_WARN_COMMA = YES;
				CLANG_WARN_CONSTANT_CONVERSION = YES;
				CLANG_WARN_DEPRECATED_OBJC_IMPLEMENTATIONS = YES;
				CLANG_WARN_DIRECT_OBJC_ISA_USAGE = YES_ERROR;
				CLANG_WARN_DOCUMENTATION_COMMENTS = YES;
				CLANG_WARN_EMPTY_BODY = YES;
				CLANG_WARN_ENUM_CONVERSION = YES;
				CLANG_WARN_INFINITE_RECURSION = YES;
				CLANG_WARN_INT_CONVERSION = YES;
				CLANG_WARN_NON_LITERAL_NULL_CONVERSION = YES;
				CLANG_WARN_OBJC_IMPLICIT_RETAIN_SELF = YES;
				CLANG_WARN_OBJC_LITERAL_CONVERSION = YES;
				CLANG_WARN_OBJC_ROOT_CLASS = YES_ERROR;
				CLANG_WARN_RANGE_LOOP_ANALYSIS = YES;
				CLANG_WARN_STRICT_PROTOTYPES = YES;
				CLANG_WARN_SUSPICIOUS_MOVE = YES;
				CLANG_WARN_UNGUARDED_AVAILABILITY = YES_AGGRESSIVE;
				CLANG_WARN_UNREACHABLE_CODE = YES;
				CLANG_WARN__DUPLICATE_METHOD_MATCH = YES;
				CODE_SIGN_IDENTITY = "iPhone Developer";
				COPY_PHASE_STRIP = NO;
				DEBUG_INFORMATION_FORMAT = "dwarf-with-dsym";
				ENABLE_NS_ASSERTIONS = NO;
				ENABLE_STRICT_OBJC_MSGSEND = YES;
				GCC_C_LANGUAGE_STANDARD = gnu11;
				GCC_NO_COMMON_BLOCKS = YES;
				GCC_WARN_64_TO_32_BIT_CONVERSION = YES;
				GCC_WARN_ABOUT_RETURN_TYPE = YES_ERROR;
				GCC_WARN_UNDECLARED_SELECTOR = YES;
				GCC_WARN_UNINITIALIZED_AUTOS = YES_AGGRESSIVE;
				GCC_WARN_UNUSED_FUNCTION = YES;
				GCC_WARN_UNUSED_VARIABLE = YES;
				IPHONEOS_DEPLOYMENT_TARGET = 12.1;
				MTL_ENABLE_DEBUG_INFO = NO;
				MTL_FAST_MATH = YES;
				SDKROOT = iphoneos;
				SWIFT_COMPILATION_MODE = wholemodule;
				SWIFT_OPTIMIZATION_LEVEL = "-O";
				VALIDATE_PRODUCT = YES;
			};
			name = Release;
		};
		38070DFC22C7FE35006935F2 /* Debug */ = {
			isa = XCBuildConfiguration;
			baseConfigurationReference = 26B8A3FBD7F3EBDF7A659142 /* Pods-Gnalet.debug.xcconfig */;
			buildSettings = {
				ASSETCATALOG_COMPILER_APPICON_NAME = AppIcon;
				CODE_SIGN_STYLE = Automatic;
				DEVELOPMENT_TEAM = MB46J93Q7Z;
				INFOPLIST_FILE = Gnalet/Config/Info.plist;
				IPHONEOS_DEPLOYMENT_TARGET = 10.0;
				LD_RUNPATH_SEARCH_PATHS = (
					"$(inherited)",
					"@executable_path/Frameworks",
				);
				PRODUCT_BUNDLE_IDENTIFIER = com.codesworth.Gnalet;
				PRODUCT_NAME = "$(TARGET_NAME)";
				SWIFT_VERSION = 4.2;
				TARGETED_DEVICE_FAMILY = "1,2";
			};
			name = Debug;
		};
		38070DFD22C7FE35006935F2 /* Release */ = {
			isa = XCBuildConfiguration;
			baseConfigurationReference = BD74638CE0C98117E283FA81 /* Pods-Gnalet.release.xcconfig */;
			buildSettings = {
				ASSETCATALOG_COMPILER_APPICON_NAME = AppIcon;
				CODE_SIGN_STYLE = Automatic;
				DEVELOPMENT_TEAM = MB46J93Q7Z;
				INFOPLIST_FILE = Gnalet/Config/Info.plist;
				IPHONEOS_DEPLOYMENT_TARGET = 10.0;
				LD_RUNPATH_SEARCH_PATHS = (
					"$(inherited)",
					"@executable_path/Frameworks",
				);
				PRODUCT_BUNDLE_IDENTIFIER = com.codesworth.Gnalet;
				PRODUCT_NAME = "$(TARGET_NAME)";
				SWIFT_VERSION = 4.2;
				TARGETED_DEVICE_FAMILY = "1,2";
			};
			name = Release;
		};
		38070DFF22C7FE35006935F2 /* Debug */ = {
			isa = XCBuildConfiguration;
			baseConfigurationReference = CBC4C4D729CE425EE6BFF0BE /* Pods-GnaletTests.debug.xcconfig */;
			buildSettings = {
				ALWAYS_EMBED_SWIFT_STANDARD_LIBRARIES = YES;
				BUNDLE_LOADER = "$(TEST_HOST)";
				CODE_SIGN_STYLE = Automatic;
				DEVELOPMENT_TEAM = MB46J93Q7Z;
				INFOPLIST_FILE = GnaletTests/Info.plist;
				LD_RUNPATH_SEARCH_PATHS = (
					"$(inherited)",
					"@executable_path/Frameworks",
					"@loader_path/Frameworks",
				);
				PRODUCT_BUNDLE_IDENTIFIER = com.codesworth.GnaletTests;
				PRODUCT_NAME = "$(TARGET_NAME)";
				SWIFT_VERSION = 4.2;
				TARGETED_DEVICE_FAMILY = "1,2";
				TEST_HOST = "$(BUILT_PRODUCTS_DIR)/Gnalet.app/Gnalet";
			};
			name = Debug;
		};
		38070E0022C7FE35006935F2 /* Release */ = {
			isa = XCBuildConfiguration;
			baseConfigurationReference = EB77BAF71CF85467EFFA5E91 /* Pods-GnaletTests.release.xcconfig */;
			buildSettings = {
				ALWAYS_EMBED_SWIFT_STANDARD_LIBRARIES = YES;
				BUNDLE_LOADER = "$(TEST_HOST)";
				CODE_SIGN_STYLE = Automatic;
				DEVELOPMENT_TEAM = MB46J93Q7Z;
				INFOPLIST_FILE = GnaletTests/Info.plist;
				LD_RUNPATH_SEARCH_PATHS = (
					"$(inherited)",
					"@executable_path/Frameworks",
					"@loader_path/Frameworks",
				);
				PRODUCT_BUNDLE_IDENTIFIER = com.codesworth.GnaletTests;
				PRODUCT_NAME = "$(TARGET_NAME)";
				SWIFT_VERSION = 4.2;
				TARGETED_DEVICE_FAMILY = "1,2";
				TEST_HOST = "$(BUILT_PRODUCTS_DIR)/Gnalet.app/Gnalet";
			};
			name = Release;
		};
/* End XCBuildConfiguration section */

/* Begin XCConfigurationList section */
		38070DD922C7FE32006935F2 /* Build configuration list for PBXProject "Gnalet" */ = {
			isa = XCConfigurationList;
			buildConfigurations = (
				38070DF922C7FE35006935F2 /* Debug */,
				38070DFA22C7FE35006935F2 /* Release */,
			);
			defaultConfigurationIsVisible = 0;
			defaultConfigurationName = Release;
		};
		38070DFB22C7FE35006935F2 /* Build configuration list for PBXNativeTarget "Gnalet" */ = {
			isa = XCConfigurationList;
			buildConfigurations = (
				38070DFC22C7FE35006935F2 /* Debug */,
				38070DFD22C7FE35006935F2 /* Release */,
			);
			defaultConfigurationIsVisible = 0;
			defaultConfigurationName = Release;
		};
		38070DFE22C7FE35006935F2 /* Build configuration list for PBXNativeTarget "GnaletTests" */ = {
			isa = XCConfigurationList;
			buildConfigurations = (
				38070DFF22C7FE35006935F2 /* Debug */,
				38070E0022C7FE35006935F2 /* Release */,
			);
			defaultConfigurationIsVisible = 0;
			defaultConfigurationName = Release;
		};
/* End XCConfigurationList section */
	};
	rootObject = 38070DD622C7FE32006935F2 /* Project object */;
}
